PODS:
  - Flutter (1.0.0)
  - Google-Mobile-Ads-SDK (8.13.0):
    - GoogleAppMeasurement (< 9.0, >= 7.0)
    - GoogleUserMessagingPlatform (>= 1.1)
  - GoogleAppMeasurement (8.12.0):
    - GoogleAppMeasurement/AdIdSupport (= 8.12.0)
    - GoogleUtilities/AppDelegateSwizzler (~> 7.7)
    - GoogleUtilities/MethodSwizzler (~> 7.7)
    - GoogleUtilities/Network (~> 7.7)
    - "GoogleUtilities/NSData+zlib (~> 7.7)"
    - nanopb (~> 2.30908.0)
  - GoogleAppMeasurement/AdIdSupport (8.12.0):
    - GoogleAppMeasurement/WithoutAdIdSupport (= 8.12.0)
    - GoogleUtilities/AppDelegateSwizzler (~> 7.7)
    - GoogleUtilities/MethodSwizzler (~> 7.7)
    - GoogleUtilities/Network (~> 7.7)
    - "GoogleUtilities/NSData+zlib (~> 7.7)"
    - nanopb (~> 2.30908.0)
  - GoogleAppMeasurement/WithoutAdIdSupport (8.12.0):
    - GoogleUtilities/AppDelegateSwizzler (~> 7.7)
    - GoogleUtilities/MethodSwizzler (~> 7.7)
    - GoogleUtilities/Network (~> 7.7)
    - "GoogleUtilities/NSData+zlib (~> 7.7)"
    - nanopb (~> 2.30908.0)
  - GoogleUserMessagingPlatform (2.0.0)
  - GoogleUtilities/AppDelegateSwizzler (7.7.0):
    - GoogleUtilities/Environment
    - GoogleUtilities/Logger
    - GoogleUtilities/Network
  - GoogleUtilities/Environment (7.7.0):
    - PromisesObjC (< 3.0, >= 1.2)
  - GoogleUtilities/Logger (7.7.0):
    - GoogleUtilities/Environment
  - GoogleUtilities/MethodSwizzler (7.7.0):
    - GoogleUtilities/Logger
  - GoogleUtilities/Network (7.7.0):
    - GoogleUtilities/Logger
    - "GoogleUtilities/NSData+zlib"
    - GoogleUtilities/Reachability
  - "GoogleUtilities/NSData+zlib (7.7.0)"
  - GoogleUtilities/Reachability (7.7.0):
    - GoogleUtilities/Logger
  - ironsource_mediation (0.1.0):
    - Flutter
    - IronSourceSDK (= 7.2.1.0)
  - IronSourceAdMobAdapter (4.3.30.2):
    - Google-Mobile-Ads-SDK (= 8.13.0.0)
    - IronSourceSDK (= 7.2.1.0)
  - IronSourceSDK (7.2.1.0)
  - nanopb (2.30908.0):
    - nanopb/decode (= 2.30908.0)
    - nanopb/encode (= 2.30908.0)
  - nanopb/decode (2.30908.0)
  - nanopb/encode (2.30908.0)
  - PromisesObjC (2.0.0)

DEPENDENCIES:
  - Flutter (from `Flutter`)
  - ironsource_mediation (from `.symlinks/plugins/ironsource_mediation/ios`)
  - IronSourceAdMobAdapter (= 4.3.30.2)

SPEC REPOS:
  trunk:
    - Google-Mobile-Ads-SDK
    - GoogleAppMeasurement
    - GoogleUserMessagingPlatform
    - GoogleUtilities
    - IronSourceAdMobAdapter
    - IronSourceSDK
    - nanopb
    - PromisesObjC

EXTERNAL SOURCES:
  Flutter:
    :path: Flutter
  ironsource_mediation:
    :path: ".symlinks/plugins/ironsource_mediation/ios"

SPEC CHECKSUMS:
  Flutter: 50d75fe2f02b26cc09d224853bb45737f8b3214a
  Google-Mobile-Ads-SDK: 05e5d68bb42a61b2e5bef336a52789785605aa22
  GoogleAppMeasurement: ae033c3aad67e68294369373056b4d74cc8ae0d6
  GoogleUserMessagingPlatform: ab890ce5f6620f293a21b6bdd82e416a2c73aeca
  GoogleUtilities: e0913149f6b0625b553d70dae12b49fc62914fd1
  ironsource_mediation: 228f51d1154e2c70007f52db0dc247dc398f2f0c
  IronSourceAdMobAdapter: 66509b7d12303c94e1f0cf09efacee38d8d54f4c
  IronSourceSDK: 49c6abb070214a60ee9f201a30336eb733b4adf1
  nanopb: a0ba3315591a9ae0a16a309ee504766e90db0c96
  PromisesObjC: 68159ce6952d93e17b2dfe273b8c40907db5ba58

PODFILE CHECKSUM: 5ec20f9591ef2920118c823107ff0b3c272b36dc

COCOAPODS: 1.11.2
